// !$*UTF8*$!
{
	archiveVersion = 1;
	classes = {
	};
	objectVersion = 50;
	objects = {

/* Begin PBXBuildFile section */
		1EC6207220ECE66300F40439 /* AppDelegate.swift in Sources */ = {isa = PBXBuildFile; fileRef = 1EC6207120ECE66300F40439 /* AppDelegate.swift */; };
		1EC6207420ECE66300F40439 /* ViewController.swift in Sources */ = {isa = PBXBuildFile; fileRef = 1EC6207320ECE66300F40439 /* ViewController.swift */; };
		1EC6207720ECE66300F40439 /* Main.storyboard in Resources */ = {isa = PBXBuildFile; fileRef = 1EC6207520ECE66300F40439 /* Main.storyboard */; };
		1EC6207920ECE66700F40439 /* Assets.xcassets in Resources */ = {isa = PBXBuildFile; fileRef = 1EC6207820ECE66700F40439 /* Assets.xcassets */; };
		1EC6207C20ECE66700F40439 /* LaunchScreen.storyboard in Resources */ = {isa = PBXBuildFile; fileRef = 1EC6207A20ECE66700F40439 /* LaunchScreen.storyboard */; };
		84CF9A242330C80500491BAD /* marvel.json in Resources */ = {isa = PBXBuildFile; fileRef = 84CF9A232330C80500491BAD /* marvel.json */; };
/* End PBXBuildFile section */

/* Begin PBXFileReference section */
		1EC6206E20ECE66300F40439 /* iOSJsonParsing.app */ = {isa = PBXFileReference; explicitFileType = wrapper.application; includeInIndex = 0; path = iOSJsonParsing.app; sourceTree = BUILT_PRODUCTS_DIR; };
		1EC6207120ECE66300F40439 /* AppDelegate.swift */ = {isa = PBXFileReference; lastKnownFileType = sourcecode.swift; path = AppDelegate.swift; sourceTree = "<group>"; };
		1EC6207320ECE66300F40439 /* ViewController.swift */ = {isa = PBXFileReference; lastKnownFileType = sourcecode.swift; path = ViewController.swift; sourceTree = "<group>"; };
		1EC6207620ECE66300F40439 /* Base */ = {isa = PBXFileReference; lastKnownFileType = file.storyboard; name = Base; path = Base.lproj/Main.storyboard; sourceTree = "<group>"; };
		1EC6207820ECE66700F40439 /* Assets.xcassets */ = {isa = PBXFileReference; lastKnownFileType = folder.assetcatalog; path = Assets.xcassets; sourceTree = "<group>"; };
		1EC6207B20ECE66700F40439 /* Base */ = {isa = PBXFileReference; lastKnownFileType = file.storyboard; name = Base; path = Base.lproj/LaunchScreen.storyboard; sourceTree = "<group>"; };
		1EC6207D20ECE66700F40439 /* Info.plist */ = {isa = PBXFileReference; lastKnownFileType = text.plist.xml; path = Info.plist; sourceTree = "<group>"; };
		84CF9A232330C80500491BAD /* marvel.json */ = {isa = PBXFileReference; fileEncoding = 4; lastKnownFileType = text.json; path = marvel.json; sourceTree = "<group>"; };
/* End PBXFileReference section */

/* Begin PBXFrameworksBuildPhase section */
		1EC6206B20ECE66300F40439 /* Frameworks */ = {
			isa = PBXFrameworksBuildPhase;
			buildActionMask = 2147483647;
			files = (
			);
			runOnlyForDeploymentPostprocessing = 0;
		};
/* End PBXFrameworksBuildPhase section */

/* Begin PBXGroup section */
		1EC6206520ECE66300F40439 = {
			isa = PBXGroup;
			children = (
				1EC6207020ECE66300F40439 /* iOSJsonParsing */,
				1EC6206F20ECE66300F40439 /* Products */,
			);
			sourceTree = "<group>";
		};
		1EC6206F20ECE66300F40439 /* Products */ = {
			isa = PBXGroup;
			children = (
				1EC6206E20ECE66300F40439 /* iOSJsonParsing.app */,
			);
			name = Products;
			sourceTree = "<group>";
		};
		1EC6207020ECE66300F40439 /* iOSJsonParsing */ = {
			isa = PBXGroup;
			children = (
				84CF9A232330C80500491BAD /* marvel.json */,
				1EC6207120ECE66300F40439 /* AppDelegate.swift */,
				1EC6207320ECE66300F40439 /* ViewController.swift */,
				1EC6207520ECE66300F40439 /* Main.storyboard */,
				1EC6207820ECE66700F40439 /* Assets.xcassets */,
				1EC6207A20ECE66700F40439 /* LaunchScreen.storyboard */,
				1EC6207D20ECE66700F40439 /* Info.plist */,
			);
			path = iOSJsonParsing;
			sourceTree = "<group>";
		};
/* End PBXGroup section */

/* Begin PBXNativeTarget section */
		1EC6206D20ECE66300F40439 /* iOSJsonParsing */ = {
			isa = PBXNativeTarget;
			buildConfigurationList = 1EC6208020ECE66700F40439 /* Build configuration list for PBXNativeTarget "iOSJsonParsing" */;
			buildPhases = (
				1EC6206A20ECE66300F40439 /* Sources */,
				1EC6206B20ECE66300F40439 /* Frameworks */,
				1EC6206C20ECE66300F40439 /* Resources */,
			);
			buildRules = (
			);
			dependencies = (
			);
			name = iOSJsonParsing;
			productName = iOSJsonParsing;
			productReference = 1EC6206E20ECE66300F40439 /* iOSJsonParsing.app */;
			productType = "com.apple.product-type.application";
		};
/* End PBXNativeTarget section */

/* Begin PBXProject section */
		1EC6206620ECE66300F40439 /* Project object */ = {
			isa = PBXProject;
			attributes = {
				LastSwiftUpdateCheck = 0940;
				LastUpgradeCheck = 0940;
				ORGANIZATIONNAME = JournalDev;
				TargetAttributes = {
					1EC6206D20ECE66300F40439 = {
						CreatedOnToolsVersion = 9.4.1;
					};
				};
			};
			buildConfigurationList = 1EC6206920ECE66300F40439 /* Build configuration list for PBXProject "iOSJsonParsing" */;
			compatibilityVersion = "Xcode 9.3";
			developmentRegion = en;
			hasScannedForEncodings = 0;
			knownRegions = (
				en,
				Base,
			);
			mainGroup = 1EC6206520ECE66300F40439;
			productRefGroup = 1EC6206F20ECE66300F40439 /* Products */;
			projectDirPath = "";
			projectRoot = "";
			targets = (
				1EC6206D20ECE66300F40439 /* iOSJsonParsing */,
			);
		};
/* End PBXProject section */

/* Begin PBXResourcesBuildPhase section */
		1EC6206C20ECE66300F40439 /* Resources */ = {
			isa = PBXResourcesBuildPhase;
			buildActionMask = 2147483647;
			files = (
				1EC6207C20ECE66700F40439 /* LaunchScreen.storyboard in Resources */,
				1EC6207920ECE66700F40439 /* Assets.xcassets in Resources */,
				84CF9A242330C80500491BAD /* marvel.json in Resources */,
				1EC6207720ECE66300F40439 /* Main.storyboard in Resources */,
			);
			runOnlyForDeploymentPostprocessing = 0;
		};
/* End PBXResourcesBuildPhase section */

/* Begin PBXSourcesBuildPhase section */
		1EC6206A20ECE66300F40439 /* Sources */ = {
			isa = PBXSourcesBuildPhase;
			buildActionMask = 2147483647;
			files = (
				1EC6207420ECE66300F40439 /* ViewController.swift in Sources */,
				1EC6207220ECE66300F40439 /* AppDelegate.swift in Sources */,
			);
			runOnlyForDeploymentPostprocessing = 0;
		};
/* End PBXSourcesBuildPhase section */

/* Begin PBXVariantGroup section */
		1EC6207520ECE66300F40439 /* Main.storyboard */ = {
			isa = PBXVariantGroup;
			children = (
				1EC6207620ECE66300F40439 /* Base */,
			);
			name = Main.storyboard;
			sourceTree = "<group>";
		};
		1EC6207A20ECE66700F40439 /* LaunchScreen.storyboard */ = {
			isa = PBXVariantGroup;
			children = (
				1EC6207B20ECE66700F40439 /* Base */,
			);
			name = LaunchScreen.storyboard;
			sourceTree = "<group>";
		};
/* End PBXVariantGroup section */

/* Begin XCBuildConfiguration section */
		1EC6207E20ECE66700F40439 /* Debug */ = {
			isa = XCBuildConfiguration;
			buildSettings = {
				ALWAYS_SEARCH_USER_PATHS = NO;
				CLANG_ANALYZER_NONNULL = YES;
				CLANG_ANALYZER_NUMBER_OBJECT_CONVERSION = YES_AGGRESSIVE;
				CLANG_CXX_LANGUAGE_STANDARD = "gnu++14";
				CLANG_CXX_LIBRARY = "libc++";
				CLANG_ENABLE_MODULES = YES;
				CLANG_ENABLE_OBJC_ARC = YES;
				CLANG_ENABLE_OBJC_WEAK = YES;
				CLANG_WARN_BLOCK_CAPTURE_AUTORELEASING = YES;
				CLANG_WARN_BOOL_CONVERSION = YES;
				CLANG_WARN_COMMA = YES;
				CLANG_WARN_CONSTANT_CONVERSION = YES;
				CLANG_WARN_DEPRECATED_OBJC_IMPLEMENTATIONS = YES;
				CLANG_WARN_DIRECT_OBJC_ISA_USAGE = YES_ERROR;
				CLANG_WARN_DOCUMENTATION_COMMENTS = YES;
				CLANG_WARN_EMPTY_BODY = YES;
				CLANG_WARN_ENUM_CONVERSION = YES;
				CLANG_WARN_INFINITE_RECURSION = YES;
				CLANG_WARN_INT_CONVERSION = YES;
				CLANG_WARN_NON_LITERAL_NULL_CONVERSION = YES;
				CLANG_WARN_OBJC_IMPLICIT_RETAIN_SELF = YES;
				CLANG_WARN_OBJC_LITERAL_CONVERSION = YES;
				CLANG_WARN_OBJC_ROOT_CLASS = YES_ERROR;
				CLANG_WARN_RANGE_LOOP_ANALYSIS = YES;
				CLANG_WARN_STRICT_PROTOTYPES = YES;
				CLANG_WARN_SUSPICIOUS_MOVE = YES;
				CLANG_WARN_UNGUARDED_AVAILABILITY = YES_AGGRESSIVE;
				CLANG_WARN_UNREACHABLE_CODE = YES;
				CLANG_WARN__DUPLICATE_METHOD_MATCH = YES;
				CODE_SIGN_IDENTITY = "iPhone Developer";
				COPY_PHASE_STRIP = NO;
				DEBUG_INFORMATION_FORMAT = dwarf;
				ENABLE_STRICT_OBJC_MSGSEND = YES;
				ENABLE_TESTABILITY = YES;
				GCC_C_LANGUAGE_STANDARD = gnu11;
				GCC_DYNAMIC_NO_PIC = NO;
				GCC_NO_COMMON_BLOCKS = YES;
				GCC_OPTIMIZATION_LEVEL = 0;
				GCC_PREPROCESSOR_DEFINITIONS = (
					"DEBUG=1",
					"$(inherited)",
				);
				GCC_WARN_64_TO_32_BIT_CONVERSION = YES;
				GCC_WARN_ABOUT_RETURN_TYPE = YES_ERROR;
				GCC_WARN_UNDECLARED_SELECTOR = YES;
				GCC_WARN_UNINITIALIZED_AUTOS = YES_AGGRESSIVE;
				GCC_WARN_UNUSED_FUNCTION = YES;
				GCC_WARN_UNUSED_VARIABLE = YES;
				IPHONEOS_DEPLOYMENT_TARGET = 11.4;
				MTL_ENABLE_DEBUG_INFO = YES;
				ONLY_ACTIVE_ARCH = YES;
				SDKROOT = iphoneos;
				SWIFT_ACTIVE_COMPILATION_CONDITIONS = DEBUG;
				SWIFT_OPTIMIZATION_LEVEL = "-Onone";
			};
			name = Debug;
		};
		1EC6207F20ECE66700F40439 /* Release */ = {
			isa = XCBuildConfiguration;
			buildSettings = {
				ALWAYS_SEARCH_USER_PATHS = NO;
				CLANG_ANALYZER_NONNULL = YES;
				CLANG_ANALYZER_NUMBER_OBJECT_CONVERSION = YES_AGGRESSIVE;
				CLANG_CXX_LANGUAGE_STANDARD = "gnu++14";
				CLANG_CXX_LIBRARY = "libc++";
				CLANG_ENABLE_MODULES = YES;
				CLANG_ENABLE_OBJC_ARC = YES;
				CLANG_ENABLE_OBJC_WEAK = YES;
				CLANG_WARN_BLOCK_CAPTURE_AUTORELEASING = YES;
				CLANG_WARN_BOOL_CONVERSION = YES;
				CLANG_WARN_COMMA = YES;
				CLANG_WARN_CONSTANT_CONVERSION = YES;
				CLANG_WARN_DEPRECATED_OBJC_IMPLEMENTATIONS = YES;
				CLANG_WARN_DIRECT_OBJC_ISA_USAGE = YES_ERROR;
				CLANG_WARN_DOCUMENTATION_COMMENTS = YES;
				CLANG_WARN_EMPTY_BODY = YES;
				CLANG_WARN_ENUM_CONVERSION = YES;
				CLANG_WARN_INFINITE_RECURSION = YES;
				CLANG_WARN_INT_CONVERSION = YES;
				CLANG_WARN_NON_LITERAL_NULL_CONVERSION = YES;
				CLANG_WARN_OBJC_IMPLICIT_RETAIN_SELF = YES;
				CLANG_WARN_OBJC_LITERAL_CONVERSION = YES;
				CLANG_WARN_OBJC_ROOT_CLASS = YES_ERROR;
				CLANG_WARN_RANGE_LOOP_ANALYSIS = YES;
				CLANG_WARN_STRICT_PROTOTYPES = YES;
				CLANG_WARN_SUSPICIOUS_MOVE = YES;
				CLANG_WARN_UNGUARDED_AVAILABILITY = YES_AGGRESSIVE;
				CLANG_WARN_UNREACHABLE_CODE = YES;
				CLANG_WARN__DUPLICATE_METHOD_MATCH = YES;
				CODE_SIGN_IDENTITY = "iPhone Developer";
				COPY_PHASE_STRIP = NO;
				DEBUG_INFORMATION_FORMAT = "dwarf-with-dsym";
				ENABLE_NS_ASSERTIONS = NO;
				ENABLE_STRICT_OBJC_MSGSEND = YES;
				GCC_C_LANGUAGE_STANDARD = gnu11;
				GCC_NO_COMMON_BLOCKS = YES;
				GCC_WARN_64_TO_32_BIT_CONVERSION = YES;
				GCC_WARN_ABOUT_RETURN_TYPE = YES_ERROR;
				GCC_WARN_UNDECLARED_SELECTOR = YES;
				GCC_WARN_UNINITIALIZED_AUTOS = YES_AGGRESSIVE;
				GCC_WARN_UNUSED_FUNCTION = YES;
				GCC_WARN_UNUSED_VARIABLE = YES;
				IPHONEOS_DEPLOYMENT_TARGET = 11.4;
				MTL_ENABLE_DEBUG_INFO = NO;
				SDKROOT = iphoneos;
				SWIFT_COMPILATION_MODE = wholemodule;
				SWIFT_OPTIMIZATION_LEVEL = "-O";
				VALIDATE_PRODUCT = YES;
			};
			name = Release;
		};
		1EC6208120ECE66700F40439 /* Debug */ = {
			isa = XCBuildConfiguration;
			buildSettings = {
				ASSETCATALOG_COMPILER_APPICON_NAME = AppIcon;
				CODE_SIGN_STYLE = Automatic;
				DEVELOPMENT_TEAM = M6P56H6G97;
				INFOPLIST_FILE = iOSJsonParsing/Info.plist;
				LD_RUNPATH_SEARCH_PATHS = (
					"$(inherited)",
					"@executable_path/Frameworks",
				);
				PRODUCT_BUNDLE_IDENTIFIER = com.journaldev.iOSJsonParsing;
				PRODUCT_NAME = "$(TARGET_NAME)";
				SWIFT_VERSION = 4.0;
				TARGETED_DEVICE_FAMILY = "1,2";
			};
			name = Debug;
		};
		1EC6208220ECE66700F40439 /* Release */ = {
			isa = XCBuildConfiguration;
			buildSettings = {
				ASSETCATALOG_COMPILER_APPICON_NAME = AppIcon;
				CODE_SIGN_STYLE = Automatic;
				DEVELOPMENT_TEAM = M6P56H6G97;
				INFOPLIST_FILE = iOSJsonParsing/Info.plist;
				LD_RUNPATH_SEARCH_PATHS = (
					"$(inherited)",
					"@executable_path/Frameworks",
				);
				PRODUCT_BUNDLE_IDENTIFIER = com.journaldev.iOSJsonParsing;
				PRODUCT_NAME = "$(TARGET_NAME)";
				SWIFT_VERSION = 4.0;
				TARGETED_DEVICE_FAMILY = "1,2";
			};
			name = Release;
		};
/* End XCBuildConfiguration section */

/* Begin XCConfigurationList section */
		1EC6206920ECE66300F40439 /* Build configuration list for PBXProject "iOSJsonParsing" */ = {
			isa = XCConfigurationList;
			buildConfigurations = (
				1EC6207E20ECE66700F40439 /* Debug */,
				1EC6207F20ECE66700F40439 /* Release */,
			);
			defaultConfigurationIsVisible = 0;
			defaultConfigurationName = Release;
		};
		1EC6208020ECE66700F40439 /* Build configuration list for PBXNativeTarget "iOSJsonParsing" */ = {
			isa = XCConfigurationList;
			buildConfigurations = (
				1EC6208120ECE66700F40439 /* Debug */,
				1EC6208220ECE66700F40439 /* Release */,
			);
			defaultConfigurationIsVisible = 0;
			defaultConfigurationName = Release;
		};
/* End XCConfigurationList section */
	};
	rootObject = 1EC6206620ECE66300F40439 /* Project object */;
}
